
Microsoft Visual Studio Solution File, Format Version 12.00
# Visual Studio 14
VisualStudioVersion = 14.0.25420.1
MinimumVisualStudioVersion = 10.0.40219.1
Project("{F2A71F9B-5D33-465A-A702-920D77279786}") = "ActionableWebApi", "ActionableWebApi\ActionableWebApi.fsproj", "{2D72AB0B-0ED9-4876-B181-AD82148DABC7}"
EndProject
Project("{FAE04EC0-301F-11D3-BF4B-00C04F79EFBC}") = "Actionable.Data", "Actionable.Data\Actionable.Data.csproj", "{E6429031-5AEB-4E51-8831-D0CF2BCA0C87}"
EndProject
Project("{F2A71F9B-5D33-465A-A702-920D77279786}") = "Actionable.Domain", "Actionable.Domain\Actionable.Domain.fsproj", "{EA8D095C-F810-4383-A666-B5360223E8A1}"
EndProject
Project("{FAE04EC0-301F-11D3-BF4B-00C04F79EFBC}") = "Actionable.Data.UnitTests", "Actionable.Data.UnitTests\Actionable.Data.UnitTests.csproj", "{19860B0C-E7E9-49DB-A1E0-98B570A1F22A}"
EndProject
Project("{F2A71F9B-5D33-465A-A702-920D77279786}") = "ActionableWebApi.IntegrationTests", "ActionableWebApi.IntegrationTests\ActionableWebApi.IntegrationTests.fsproj", "{C99CE3A7-0E8E-4372-9945-443ACCA3799C}"
EndProject
Project("{F2A71F9B-5D33-465A-A702-920D77279786}") = "Actionable.Domain.Persistance", "Actionable.Domain.Persistance\Actionable.Domain.Persistance.fsproj", "{36FCA430-7095-45DE-BAEC-044068EE27F1}"
EndProject
Project("{F2A71F9B-5D33-465A-A702-920D77279786}") = "PracticeConsoleF", "PracticeConsoleF\PracticeConsoleF.fsproj", "{532D2613-E5C7-4BAA-B622-947702B48277}"
EndProject
Project("{F2A71F9B-5D33-465A-A702-920D77279786}") = "Actionable.Actors", "Actionable.Actors\Actionable.Actors.fsproj", "{3912016D-4C00-41CB-803C-539A32E04B3E}"
EndProject
Project("{F2A71F9B-5D33-465A-A702-920D77279786}") = "Actionable.Actors.IntegrationTests", "Actionable.Actors.IntegrationTests\Actionable.Actors.IntegrationTests.fsproj", "{08EC6CB5-401A-4A1D-B4E2-A34FB67BC438}"
EndProject
Project("{F2A71F9B-5D33-465A-A702-920D77279786}") = "Actionable.Agents", "Actionable.Agents\Actionable.Agents.fsproj", "{3DD252D9-E4F5-4B44-B657-EFCD64228FAF}"
EndProject
Project("{F2A71F9B-5D33-465A-A702-920D77279786}") = "Actionable.Actors.UnitTests", "Actionable.Actors.UnitTests\Actionable.Actors.UnitTests.fsproj", "{2ED80567-AD74-4271-A40B-E83C2E1E18B1}"
EndProject
Global
	GlobalSection(SolutionConfigurationPlatforms) = preSolution
		Debug|Any CPU = Debug|Any CPU
		Debug|x64 = Debug|x64
		Release|Any CPU = Release|Any CPU
		Release|x64 = Release|x64
	EndGlobalSection
	GlobalSection(ProjectConfigurationPlatforms) = postSolution
		{2D72AB0B-0ED9-4876-B181-AD82148DABC7}.Debug|Any CPU.ActiveCfg = Debug|Any CPU
		{2D72AB0B-0ED9-4876-B181-AD82148DABC7}.Debug|Any CPU.Build.0 = Debug|Any CPU
		{2D72AB0B-0ED9-4876-B181-AD82148DABC7}.Debug|x64.ActiveCfg = Debug|x64
		{2D72AB0B-0ED9-4876-B181-AD82148DABC7}.Debug|x64.Build.0 = Debug|x64
		{2D72AB0B-0ED9-4876-B181-AD82148DABC7}.Release|Any CPU.ActiveCfg = Release|Any CPU
		{2D72AB0B-0ED9-4876-B181-AD82148DABC7}.Release|Any CPU.Build.0 = Release|Any CPU
		{2D72AB0B-0ED9-4876-B181-AD82148DABC7}.Release|x64.ActiveCfg = Release|x64
		{2D72AB0B-0ED9-4876-B181-AD82148DABC7}.Release|x64.Build.0 = Release|x64
		{E6429031-5AEB-4E51-8831-D0CF2BCA0C87}.Debug|Any CPU.ActiveCfg = Debug|Any CPU
		{E6429031-5AEB-4E51-8831-D0CF2BCA0C87}.Debug|Any CPU.Build.0 = Debug|Any CPU
		{E6429031-5AEB-4E51-8831-D0CF2BCA0C87}.Debug|x64.ActiveCfg = Debug|x64
		{E6429031-5AEB-4E51-8831-D0CF2BCA0C87}.Debug|x64.Build.0 = Debug|x64
		{E6429031-5AEB-4E51-8831-D0CF2BCA0C87}.Release|Any CPU.ActiveCfg = Release|Any CPU
		{E6429031-5AEB-4E51-8831-D0CF2BCA0C87}.Release|Any CPU.Build.0 = Release|Any CPU
		{E6429031-5AEB-4E51-8831-D0CF2BCA0C87}.Release|x64.ActiveCfg = Release|x64
		{E6429031-5AEB-4E51-8831-D0CF2BCA0C87}.Release|x64.Build.0 = Release|x64
		{EA8D095C-F810-4383-A666-B5360223E8A1}.Debug|Any CPU.ActiveCfg = Debug|Any CPU
		{EA8D095C-F810-4383-A666-B5360223E8A1}.Debug|Any CPU.Build.0 = Debug|Any CPU
		{EA8D095C-F810-4383-A666-B5360223E8A1}.Debug|x64.ActiveCfg = Debug|x64
		{EA8D095C-F810-4383-A666-B5360223E8A1}.Debug|x64.Build.0 = Debug|x64
		{EA8D095C-F810-4383-A666-B5360223E8A1}.Release|Any CPU.ActiveCfg = Release|Any CPU
		{EA8D095C-F810-4383-A666-B5360223E8A1}.Release|Any CPU.Build.0 = Release|Any CPU
		{EA8D095C-F810-4383-A666-B5360223E8A1}.Release|x64.ActiveCfg = Release|x64
		{EA8D095C-F810-4383-A666-B5360223E8A1}.Release|x64.Build.0 = Release|x64
		{19860B0C-E7E9-49DB-A1E0-98B570A1F22A}.Debug|Any CPU.ActiveCfg = Debug|Any CPU
		{19860B0C-E7E9-49DB-A1E0-98B570A1F22A}.Debug|Any CPU.Build.0 = Debug|Any CPU
		{19860B0C-E7E9-49DB-A1E0-98B570A1F22A}.Debug|x64.ActiveCfg = Debug|Any CPU
		{19860B0C-E7E9-49DB-A1E0-98B570A1F22A}.Release|Any CPU.ActiveCfg = Release|Any CPU
		{19860B0C-E7E9-49DB-A1E0-98B570A1F22A}.Release|Any CPU.Build.0 = Release|Any CPU
		{19860B0C-E7E9-49DB-A1E0-98B570A1F22A}.Release|x64.ActiveCfg = Release|Any CPU
		{C99CE3A7-0E8E-4372-9945-443ACCA3799C}.Debug|Any CPU.ActiveCfg = Debug|Any CPU
		{C99CE3A7-0E8E-4372-9945-443ACCA3799C}.Debug|Any CPU.Build.0 = Debug|Any CPU
		{C99CE3A7-0E8E-4372-9945-443ACCA3799C}.Debug|x64.ActiveCfg = Debug|x64
		{C99CE3A7-0E8E-4372-9945-443ACCA3799C}.Debug|x64.Build.0 = Debug|x64
		{C99CE3A7-0E8E-4372-9945-443ACCA3799C}.Release|Any CPU.ActiveCfg = Release|Any CPU
		{C99CE3A7-0E8E-4372-9945-443ACCA3799C}.Release|Any CPU.Build.0 = Release|Any CPU
		{C99CE3A7-0E8E-4372-9945-443ACCA3799C}.Release|x64.ActiveCfg = Release|x64
		{C99CE3A7-0E8E-4372-9945-443ACCA3799C}.Release|x64.Build.0 = Release|x64
		{36FCA430-7095-45DE-BAEC-044068EE27F1}.Debug|Any CPU.ActiveCfg = Debug|Any CPU
		{36FCA430-7095-45DE-BAEC-044068EE27F1}.Debug|Any CPU.Build.0 = Debug|Any CPU
		{36FCA430-7095-45DE-BAEC-044068EE27F1}.Debug|x64.ActiveCfg = Debug|x64
		{36FCA430-7095-45DE-BAEC-044068EE27F1}.Debug|x64.Build.0 = Debug|x64
		{36FCA430-7095-45DE-BAEC-044068EE27F1}.Release|Any CPU.ActiveCfg = Release|Any CPU
		{36FCA430-7095-45DE-BAEC-044068EE27F1}.Release|Any CPU.Build.0 = Release|Any CPU
		{36FCA430-7095-45DE-BAEC-044068EE27F1}.Release|x64.ActiveCfg = Release|x64
		{36FCA430-7095-45DE-BAEC-044068EE27F1}.Release|x64.Build.0 = Release|x64
		{532D2613-E5C7-4BAA-B622-947702B48277}.Debug|Any CPU.ActiveCfg = Debug|Any CPU
		{532D2613-E5C7-4BAA-B622-947702B48277}.Debug|Any CPU.Build.0 = Debug|Any CPU
		{532D2613-E5C7-4BAA-B622-947702B48277}.Debug|x64.ActiveCfg = Debug|x64
		{532D2613-E5C7-4BAA-B622-947702B48277}.Debug|x64.Build.0 = Debug|x64
		{532D2613-E5C7-4BAA-B622-947702B48277}.Release|Any CPU.ActiveCfg = Release|Any CPU
		{532D2613-E5C7-4BAA-B622-947702B48277}.Release|Any CPU.Build.0 = Release|Any CPU
		{532D2613-E5C7-4BAA-B622-947702B48277}.Release|x64.ActiveCfg = Release|x64
		{532D2613-E5C7-4BAA-B622-947702B48277}.Release|x64.Build.0 = Release|x64
		{3912016D-4C00-41CB-803C-539A32E04B3E}.Debug|Any CPU.ActiveCfg = Debug|Any CPU
		{3912016D-4C00-41CB-803C-539A32E04B3E}.Debug|Any CPU.Build.0 = Debug|Any CPU
		{3912016D-4C00-41CB-803C-539A32E04B3E}.Debug|x64.ActiveCfg = Debug|x64
		{3912016D-4C00-41CB-803C-539A32E04B3E}.Debug|x64.Build.0 = Debug|x64
		{3912016D-4C00-41CB-803C-539A32E04B3E}.Release|Any CPU.ActiveCfg = Release|Any CPU
		{3912016D-4C00-41CB-803C-539A32E04B3E}.Release|Any CPU.Build.0 = Release|Any CPU
		{3912016D-4C00-41CB-803C-539A32E04B3E}.Release|x64.ActiveCfg = Release|x64
		{3912016D-4C00-41CB-803C-539A32E04B3E}.Release|x64.Build.0 = Release|x64
		{08EC6CB5-401A-4A1D-B4E2-A34FB67BC438}.Debug|Any CPU.ActiveCfg = Debug|Any CPU
		{08EC6CB5-401A-4A1D-B4E2-A34FB67BC438}.Debug|Any CPU.Build.0 = Debug|Any CPU
		{08EC6CB5-401A-4A1D-B4E2-A34FB67BC438}.Debug|x64.ActiveCfg = Debug|x64
		{08EC6CB5-401A-4A1D-B4E2-A34FB67BC438}.Debug|x64.Build.0 = Debug|x64
		{08EC6CB5-401A-4A1D-B4E2-A34FB67BC438}.Release|Any CPU.ActiveCfg = Release|Any CPU
		{08EC6CB5-401A-4A1D-B4E2-A34FB67BC438}.Release|Any CPU.Build.0 = Release|Any CPU
		{08EC6CB5-401A-4A1D-B4E2-A34FB67BC438}.Release|x64.ActiveCfg = Release|x64
		{08EC6CB5-401A-4A1D-B4E2-A34FB67BC438}.Release|x64.Build.0 = Release|x64
		{3DD252D9-E4F5-4B44-B657-EFCD64228FAF}.Debug|Any CPU.ActiveCfg = Debug|Any CPU
		{3DD252D9-E4F5-4B44-B657-EFCD64228FAF}.Debug|Any CPU.Build.0 = Debug|Any CPU
		{3DD252D9-E4F5-4B44-B657-EFCD64228FAF}.Debug|x64.ActiveCfg = Debug|x64
		{3DD252D9-E4F5-4B44-B657-EFCD64228FAF}.Debug|x64.Build.0 = Debug|x64
		{3DD252D9-E4F5-4B44-B657-EFCD64228FAF}.Release|Any CPU.ActiveCfg = Release|Any CPU
		{3DD252D9-E4F5-4B44-B657-EFCD64228FAF}.Release|Any CPU.Build.0 = Release|Any CPU
		{3DD252D9-E4F5-4B44-B657-EFCD64228FAF}.Release|x64.ActiveCfg = Release|x64
		{3DD252D9-E4F5-4B44-B657-EFCD64228FAF}.Release|x64.Build.0 = Release|x64
		{2ED80567-AD74-4271-A40B-E83C2E1E18B1}.Debug|Any CPU.ActiveCfg = Debug|Any CPU
		{2ED80567-AD74-4271-A40B-E83C2E1E18B1}.Debug|Any CPU.Build.0 = Debug|Any CPU
		{2ED80567-AD74-4271-A40B-E83C2E1E18B1}.Debug|x64.ActiveCfg = Debug|Any CPU
		{2ED80567-AD74-4271-A40B-E83C2E1E18B1}.Debug|x64.Build.0 = Debug|Any CPU
		{2ED80567-AD74-4271-A40B-E83C2E1E18B1}.Release|Any CPU.ActiveCfg = Release|Any CPU
		{2ED80567-AD74-4271-A40B-E83C2E1E18B1}.Release|Any CPU.Build.0 = Release|Any CPU
		{2ED80567-AD74-4271-A40B-E83C2E1E18B1}.Release|x64.ActiveCfg = Release|Any CPU
		{2ED80567-AD74-4271-A40B-E83C2E1E18B1}.Release|x64.Build.0 = Release|Any CPU
	EndGlobalSection
	GlobalSection(SolutionProperties) = preSolution
		HideSolutionNode = FALSE
	EndGlobalSection
EndGlobal
